// !$*UTF8*$!
{
	archiveVersion = 1;
	classes = {
	};
	objectVersion = 56;
	objects = {

/* Begin PBXBuildFile section */
		72430F3A2AEA921200728B39 /* ThemeColor.swift in Sources */ = {isa = PBXBuildFile; fileRef = 72430F392AEA921200728B39 /* ThemeColor.swift */; };
		72430F3C2AEA921E00728B39 /* ThemeFont.swift in Sources */ = {isa = PBXBuildFile; fileRef = 72430F3B2AEA921E00728B39 /* ThemeFont.swift */; };
		72430F3F2AEA930900728B39 /* UIColor+Extensions.swift in Sources */ = {isa = PBXBuildFile; fileRef = 72430F3E2AEA930900728B39 /* UIColor+Extensions.swift */; };
		72430F422AEA9CC900728B39 /* LabelFactory.swift in Sources */ = {isa = PBXBuildFile; fileRef = 72430F412AEA9CC900728B39 /* LabelFactory.swift */; };
		72430F442AEAD80D00728B39 /* UIView+Extensions.swift in Sources */ = {isa = PBXBuildFile; fileRef = 72430F432AEAD80D00728B39 /* UIView+Extensions.swift */; };
		72430F462AEBE05400728B39 /* AmountView.swift in Sources */ = {isa = PBXBuildFile; fileRef = 72430F452AEBE05400728B39 /* AmountView.swift */; };
		72430F482AEC2FA000728B39 /* HeaderView.swift in Sources */ = {isa = PBXBuildFile; fileRef = 72430F472AEC2FA000728B39 /* HeaderView.swift */; };
		72430F4B2AEC3C7600728B39 /* Tip.swift in Sources */ = {isa = PBXBuildFile; fileRef = 72430F4A2AEC3C7600728B39 /* Tip.swift */; };
		72E22A682AE7F27D00AC74C7 /* AppDelegate.swift in Sources */ = {isa = PBXBuildFile; fileRef = 72E22A672AE7F27D00AC74C7 /* AppDelegate.swift */; };
		72E22A6A2AE7F27D00AC74C7 /* SceneDelegate.swift in Sources */ = {isa = PBXBuildFile; fileRef = 72E22A692AE7F27D00AC74C7 /* SceneDelegate.swift */; };
		72E22A6C2AE7F27D00AC74C7 /* CalculatorVC.swift in Sources */ = {isa = PBXBuildFile; fileRef = 72E22A6B2AE7F27D00AC74C7 /* CalculatorVC.swift */; };
		72E22A712AE7F27F00AC74C7 /* Assets.xcassets in Resources */ = {isa = PBXBuildFile; fileRef = 72E22A702AE7F27F00AC74C7 /* Assets.xcassets */; };
		72E22A742AE7F27F00AC74C7 /* LaunchScreen.storyboard in Resources */ = {isa = PBXBuildFile; fileRef = 72E22A722AE7F27F00AC74C7 /* LaunchScreen.storyboard */; };
		72E22A7F2AE7F28000AC74C7 /* TipCalculatorTests.swift in Sources */ = {isa = PBXBuildFile; fileRef = 72E22A7E2AE7F28000AC74C7 /* TipCalculatorTests.swift */; };
		72E22A892AE7F28000AC74C7 /* TipCalculatorUITests.swift in Sources */ = {isa = PBXBuildFile; fileRef = 72E22A882AE7F28000AC74C7 /* TipCalculatorUITests.swift */; };
		72E22A8B2AE7F28000AC74C7 /* TipCalculatorUITestsLaunchTests.swift in Sources */ = {isa = PBXBuildFile; fileRef = 72E22A8A2AE7F28000AC74C7 /* TipCalculatorUITestsLaunchTests.swift */; };
		72E22A992AE7F52700AC74C7 /* CombineCocoa in Frameworks */ = {isa = PBXBuildFile; productRef = 72E22A982AE7F52700AC74C7 /* CombineCocoa */; };
		72E22A9C2AE7F56A00AC74C7 /* SnapKit in Frameworks */ = {isa = PBXBuildFile; productRef = 72E22A9B2AE7F56A00AC74C7 /* SnapKit */; };
		72E22A9F2AE7F5CB00AC74C7 /* CombineCocoa in Frameworks */ = {isa = PBXBuildFile; productRef = 72E22A9E2AE7F5CB00AC74C7 /* CombineCocoa */; };
		72E22AA22AE7F66700AC74C7 /* SnapshotTesting in Frameworks */ = {isa = PBXBuildFile; productRef = 72E22AA12AE7F66700AC74C7 /* SnapshotTesting */; };
		72E22AA42AE7F68C00AC74C7 /* CombineCocoa in Frameworks */ = {isa = PBXBuildFile; productRef = 72E22AA32AE7F68C00AC74C7 /* CombineCocoa */; };
		72E22AA72AE947E300AC74C7 /* LogoView.swift in Sources */ = {isa = PBXBuildFile; fileRef = 72E22AA62AE947E300AC74C7 /* LogoView.swift */; };
		72E22AA92AE949A300AC74C7 /* ResultView.swift in Sources */ = {isa = PBXBuildFile; fileRef = 72E22AA82AE949A300AC74C7 /* ResultView.swift */; };
		72E22AAB2AE949BB00AC74C7 /* BillInputView.swift in Sources */ = {isa = PBXBuildFile; fileRef = 72E22AAA2AE949BB00AC74C7 /* BillInputView.swift */; };
		72E22AAD2AE949C900AC74C7 /* TipInputView.swift in Sources */ = {isa = PBXBuildFile; fileRef = 72E22AAC2AE949C900AC74C7 /* TipInputView.swift */; };
		72E22AAF2AE949E200AC74C7 /* SplitInputView.swift in Sources */ = {isa = PBXBuildFile; fileRef = 72E22AAE2AE949E200AC74C7 /* SplitInputView.swift */; };
/* End PBXBuildFile section */

/* Begin PBXContainerItemProxy section */
		72E22A7B2AE7F28000AC74C7 /* PBXContainerItemProxy */ = {
			isa = PBXContainerItemProxy;
			containerPortal = 72E22A5C2AE7F27D00AC74C7 /* Project object */;
			proxyType = 1;
			remoteGlobalIDString = 72E22A632AE7F27D00AC74C7;
			remoteInfo = TipCalculator;
		};
		72E22A852AE7F28000AC74C7 /* PBXContainerItemProxy */ = {
			isa = PBXContainerItemProxy;
			containerPortal = 72E22A5C2AE7F27D00AC74C7 /* Project object */;
			proxyType = 1;
			remoteGlobalIDString = 72E22A632AE7F27D00AC74C7;
			remoteInfo = TipCalculator;
		};
/* End PBXContainerItemProxy section */

/* Begin PBXFileReference section */
		72430F392AEA921200728B39 /* ThemeColor.swift */ = {isa = PBXFileReference; lastKnownFileType = sourcecode.swift; path = ThemeColor.swift; sourceTree = "<group>"; };
		72430F3B2AEA921E00728B39 /* ThemeFont.swift */ = {isa = PBXFileReference; lastKnownFileType = sourcecode.swift; path = ThemeFont.swift; sourceTree = "<group>"; };
		72430F3E2AEA930900728B39 /* UIColor+Extensions.swift */ = {isa = PBXFileReference; lastKnownFileType = sourcecode.swift; path = "UIColor+Extensions.swift"; sourceTree = "<group>"; };
		72430F412AEA9CC900728B39 /* LabelFactory.swift */ = {isa = PBXFileReference; lastKnownFileType = sourcecode.swift; path = LabelFactory.swift; sourceTree = "<group>"; };
		72430F432AEAD80D00728B39 /* UIView+Extensions.swift */ = {isa = PBXFileReference; lastKnownFileType = sourcecode.swift; path = "UIView+Extensions.swift"; sourceTree = "<group>"; };
		72430F452AEBE05400728B39 /* AmountView.swift */ = {isa = PBXFileReference; lastKnownFileType = sourcecode.swift; path = AmountView.swift; sourceTree = "<group>"; };
		72430F472AEC2FA000728B39 /* HeaderView.swift */ = {isa = PBXFileReference; lastKnownFileType = sourcecode.swift; path = HeaderView.swift; sourceTree = "<group>"; };
		72430F4A2AEC3C7600728B39 /* Tip.swift */ = {isa = PBXFileReference; lastKnownFileType = sourcecode.swift; path = Tip.swift; sourceTree = "<group>"; };
		72E22A642AE7F27D00AC74C7 /* TipCalculator.app */ = {isa = PBXFileReference; explicitFileType = wrapper.application; includeInIndex = 0; path = TipCalculator.app; sourceTree = BUILT_PRODUCTS_DIR; };
		72E22A672AE7F27D00AC74C7 /* AppDelegate.swift */ = {isa = PBXFileReference; lastKnownFileType = sourcecode.swift; path = AppDelegate.swift; sourceTree = "<group>"; };
		72E22A692AE7F27D00AC74C7 /* SceneDelegate.swift */ = {isa = PBXFileReference; lastKnownFileType = sourcecode.swift; path = SceneDelegate.swift; sourceTree = "<group>"; };
		72E22A6B2AE7F27D00AC74C7 /* CalculatorVC.swift */ = {isa = PBXFileReference; lastKnownFileType = sourcecode.swift; path = CalculatorVC.swift; sourceTree = "<group>"; };
		72E22A702AE7F27F00AC74C7 /* Assets.xcassets */ = {isa = PBXFileReference; lastKnownFileType = folder.assetcatalog; path = Assets.xcassets; sourceTree = "<group>"; };
		72E22A732AE7F27F00AC74C7 /* Base */ = {isa = PBXFileReference; lastKnownFileType = file.storyboard; name = Base; path = Base.lproj/LaunchScreen.storyboard; sourceTree = "<group>"; };
		72E22A752AE7F27F00AC74C7 /* Info.plist */ = {isa = PBXFileReference; lastKnownFileType = text.plist.xml; path = Info.plist; sourceTree = "<group>"; };
		72E22A7A2AE7F28000AC74C7 /* TipCalculatorTests.xctest */ = {isa = PBXFileReference; explicitFileType = wrapper.cfbundle; includeInIndex = 0; path = TipCalculatorTests.xctest; sourceTree = BUILT_PRODUCTS_DIR; };
		72E22A7E2AE7F28000AC74C7 /* TipCalculatorTests.swift */ = {isa = PBXFileReference; lastKnownFileType = sourcecode.swift; path = TipCalculatorTests.swift; sourceTree = "<group>"; };
		72E22A842AE7F28000AC74C7 /* TipCalculatorUITests.xctest */ = {isa = PBXFileReference; explicitFileType = wrapper.cfbundle; includeInIndex = 0; path = TipCalculatorUITests.xctest; sourceTree = BUILT_PRODUCTS_DIR; };
		72E22A882AE7F28000AC74C7 /* TipCalculatorUITests.swift */ = {isa = PBXFileReference; lastKnownFileType = sourcecode.swift; path = TipCalculatorUITests.swift; sourceTree = "<group>"; };
		72E22A8A2AE7F28000AC74C7 /* TipCalculatorUITestsLaunchTests.swift */ = {isa = PBXFileReference; lastKnownFileType = sourcecode.swift; path = TipCalculatorUITestsLaunchTests.swift; sourceTree = "<group>"; };
		72E22AA62AE947E300AC74C7 /* LogoView.swift */ = {isa = PBXFileReference; lastKnownFileType = sourcecode.swift; path = LogoView.swift; sourceTree = "<group>"; };
		72E22AA82AE949A300AC74C7 /* ResultView.swift */ = {isa = PBXFileReference; lastKnownFileType = sourcecode.swift; path = ResultView.swift; sourceTree = "<group>"; };
		72E22AAA2AE949BB00AC74C7 /* BillInputView.swift */ = {isa = PBXFileReference; lastKnownFileType = sourcecode.swift; path = BillInputView.swift; sourceTree = "<group>"; };
		72E22AAC2AE949C900AC74C7 /* TipInputView.swift */ = {isa = PBXFileReference; lastKnownFileType = sourcecode.swift; path = TipInputView.swift; sourceTree = "<group>"; };
		72E22AAE2AE949E200AC74C7 /* SplitInputView.swift */ = {isa = PBXFileReference; lastKnownFileType = sourcecode.swift; path = SplitInputView.swift; sourceTree = "<group>"; };
/* End PBXFileReference section */

/* Begin PBXFrameworksBuildPhase section */
		72E22A612AE7F27D00AC74C7 /* Frameworks */ = {
			isa = PBXFrameworksBuildPhase;
			buildActionMask = 2147483647;
			files = (
				72E22A992AE7F52700AC74C7 /* CombineCocoa in Frameworks */,
				72E22A9C2AE7F56A00AC74C7 /* SnapKit in Frameworks */,
			);
			runOnlyForDeploymentPostprocessing = 0;
		};
		72E22A772AE7F28000AC74C7 /* Frameworks */ = {
			isa = PBXFrameworksBuildPhase;
			buildActionMask = 2147483647;
			files = (
				72E22A9F2AE7F5CB00AC74C7 /* CombineCocoa in Frameworks */,
				72E22AA22AE7F66700AC74C7 /* SnapshotTesting in Frameworks */,
			);
			runOnlyForDeploymentPostprocessing = 0;
		};
		72E22A812AE7F28000AC74C7 /* Frameworks */ = {
			isa = PBXFrameworksBuildPhase;
			buildActionMask = 2147483647;
			files = (
				72E22AA42AE7F68C00AC74C7 /* CombineCocoa in Frameworks */,
			);
			runOnlyForDeploymentPostprocessing = 0;
		};
/* End PBXFrameworksBuildPhase section */

/* Begin PBXGroup section */
		72430F382AEA91ED00728B39 /* Config */ = {
			isa = PBXGroup;
			children = (
				72430F392AEA921200728B39 /* ThemeColor.swift */,
				72430F3B2AEA921E00728B39 /* ThemeFont.swift */,
			);
			path = Config;
			sourceTree = "<group>";
		};
		72430F3D2AEA92E300728B39 /* Extensions */ = {
			isa = PBXGroup;
			children = (
				72430F3E2AEA930900728B39 /* UIColor+Extensions.swift */,
				72430F432AEAD80D00728B39 /* UIView+Extensions.swift */,
			);
			path = Extensions;
			sourceTree = "<group>";
		};
		72430F402AEA9CA900728B39 /* Factories */ = {
			isa = PBXGroup;
			children = (
				72430F412AEA9CC900728B39 /* LabelFactory.swift */,
			);
			path = Factories;
			sourceTree = "<group>";
		};
		72430F492AEC3C6B00728B39 /* Models */ = {
			isa = PBXGroup;
			children = (
				72430F4A2AEC3C7600728B39 /* Tip.swift */,
			);
			path = Models;
			sourceTree = "<group>";
		};
		72E22A5B2AE7F27D00AC74C7 = {
			isa = PBXGroup;
			children = (
				72E22A662AE7F27D00AC74C7 /* TipCalculator */,
				72E22A7D2AE7F28000AC74C7 /* TipCalculatorTests */,
				72E22A872AE7F28000AC74C7 /* TipCalculatorUITests */,
				72E22A652AE7F27D00AC74C7 /* Products */,
				72E22A9D2AE7F5CB00AC74C7 /* Frameworks */,
			);
			sourceTree = "<group>";
		};
		72E22A652AE7F27D00AC74C7 /* Products */ = {
			isa = PBXGroup;
			children = (
				72E22A642AE7F27D00AC74C7 /* TipCalculator.app */,
				72E22A7A2AE7F28000AC74C7 /* TipCalculatorTests.xctest */,
				72E22A842AE7F28000AC74C7 /* TipCalculatorUITests.xctest */,
			);
			name = Products;
			sourceTree = "<group>";
		};
		72E22A662AE7F27D00AC74C7 /* TipCalculator */ = {
			isa = PBXGroup;
			children = (
				72430F492AEC3C6B00728B39 /* Models */,
				72430F402AEA9CA900728B39 /* Factories */,
				72430F3D2AEA92E300728B39 /* Extensions */,
				72430F382AEA91ED00728B39 /* Config */,
				72E22AA52AE9479C00AC74C7 /* Views */,
				72E22A672AE7F27D00AC74C7 /* AppDelegate.swift */,
				72E22A692AE7F27D00AC74C7 /* SceneDelegate.swift */,
				72E22A6B2AE7F27D00AC74C7 /* CalculatorVC.swift */,
				72E22A702AE7F27F00AC74C7 /* Assets.xcassets */,
				72E22A722AE7F27F00AC74C7 /* LaunchScreen.storyboard */,
				72E22A752AE7F27F00AC74C7 /* Info.plist */,
			);
			path = TipCalculator;
			sourceTree = "<group>";
		};
		72E22A7D2AE7F28000AC74C7 /* TipCalculatorTests */ = {
			isa = PBXGroup;
			children = (
				72E22A7E2AE7F28000AC74C7 /* TipCalculatorTests.swift */,
			);
			path = TipCalculatorTests;
			sourceTree = "<group>";
		};
		72E22A872AE7F28000AC74C7 /* TipCalculatorUITests */ = {
			isa = PBXGroup;
			children = (
				72E22A882AE7F28000AC74C7 /* TipCalculatorUITests.swift */,
				72E22A8A2AE7F28000AC74C7 /* TipCalculatorUITestsLaunchTests.swift */,
			);
			path = TipCalculatorUITests;
			sourceTree = "<group>";
		};
		72E22A9D2AE7F5CB00AC74C7 /* Frameworks */ = {
			isa = PBXGroup;
			children = (
			);
			name = Frameworks;
			sourceTree = "<group>";
		};
		72E22AA52AE9479C00AC74C7 /* Views */ = {
			isa = PBXGroup;
			children = (
				72430F452AEBE05400728B39 /* AmountView.swift */,
				72E22AAA2AE949BB00AC74C7 /* BillInputView.swift */,
				72430F472AEC2FA000728B39 /* HeaderView.swift */,
				72E22AA62AE947E300AC74C7 /* LogoView.swift */,
				72E22AA82AE949A300AC74C7 /* ResultView.swift */,
				72E22AAE2AE949E200AC74C7 /* SplitInputView.swift */,
				72E22AAC2AE949C900AC74C7 /* TipInputView.swift */,
			);
			path = Views;
			sourceTree = "<group>";
		};
/* End PBXGroup section */

/* Begin PBXNativeTarget section */
		72E22A632AE7F27D00AC74C7 /* TipCalculator */ = {
			isa = PBXNativeTarget;
			buildConfigurationList = 72E22A8E2AE7F28000AC74C7 /* Build configuration list for PBXNativeTarget "TipCalculator" */;
			buildPhases = (
				72E22A602AE7F27D00AC74C7 /* Sources */,
				72E22A612AE7F27D00AC74C7 /* Frameworks */,
				72E22A622AE7F27D00AC74C7 /* Resources */,
			);
			buildRules = (
			);
			dependencies = (
			);
			name = TipCalculator;
			packageProductDependencies = (
				72E22A982AE7F52700AC74C7 /* CombineCocoa */,
				72E22A9B2AE7F56A00AC74C7 /* SnapKit */,
			);
			productName = TipCalculator;
			productReference = 72E22A642AE7F27D00AC74C7 /* TipCalculator.app */;
			productType = "com.apple.product-type.application";
		};
		72E22A792AE7F28000AC74C7 /* TipCalculatorTests */ = {
			isa = PBXNativeTarget;
			buildConfigurationList = 72E22A912AE7F28000AC74C7 /* Build configuration list for PBXNativeTarget "TipCalculatorTests" */;
			buildPhases = (
				72E22A762AE7F28000AC74C7 /* Sources */,
				72E22A772AE7F28000AC74C7 /* Frameworks */,
				72E22A782AE7F28000AC74C7 /* Resources */,
			);
			buildRules = (
			);
			dependencies = (
				72E22A7C2AE7F28000AC74C7 /* PBXTargetDependency */,
			);
			name = TipCalculatorTests;
			packageProductDependencies = (
				72E22A9E2AE7F5CB00AC74C7 /* CombineCocoa */,
				72E22AA12AE7F66700AC74C7 /* SnapshotTesting */,
			);
			productName = TipCalculatorTests;
			productReference = 72E22A7A2AE7F28000AC74C7 /* TipCalculatorTests.xctest */;
			productType = "com.apple.product-type.bundle.unit-test";
		};
		72E22A832AE7F28000AC74C7 /* TipCalculatorUITests */ = {
			isa = PBXNativeTarget;
			buildConfigurationList = 72E22A942AE7F28000AC74C7 /* Build configuration list for PBXNativeTarget "TipCalculatorUITests" */;
			buildPhases = (
				72E22A802AE7F28000AC74C7 /* Sources */,
				72E22A812AE7F28000AC74C7 /* Frameworks */,
				72E22A822AE7F28000AC74C7 /* Resources */,
			);
			buildRules = (
			);
			dependencies = (
				72E22A862AE7F28000AC74C7 /* PBXTargetDependency */,
			);
			name = TipCalculatorUITests;
			packageProductDependencies = (
				72E22AA32AE7F68C00AC74C7 /* CombineCocoa */,
			);
			productName = TipCalculatorUITests;
			productReference = 72E22A842AE7F28000AC74C7 /* TipCalculatorUITests.xctest */;
			productType = "com.apple.product-type.bundle.ui-testing";
		};
/* End PBXNativeTarget section */

/* Begin PBXProject section */
		72E22A5C2AE7F27D00AC74C7 /* Project object */ = {
			isa = PBXProject;
			attributes = {
				BuildIndependentTargetsInParallel = 1;
				LastSwiftUpdateCheck = 1500;
				LastUpgradeCheck = 1500;
				TargetAttributes = {
					72E22A632AE7F27D00AC74C7 = {
						CreatedOnToolsVersion = 15.0;
					};
					72E22A792AE7F28000AC74C7 = {
						CreatedOnToolsVersion = 15.0;
						TestTargetID = 72E22A632AE7F27D00AC74C7;
					};
					72E22A832AE7F28000AC74C7 = {
						CreatedOnToolsVersion = 15.0;
						TestTargetID = 72E22A632AE7F27D00AC74C7;
					};
				};
			};
			buildConfigurationList = 72E22A5F2AE7F27D00AC74C7 /* Build configuration list for PBXProject "TipCalculator" */;
			compatibilityVersion = "Xcode 14.0";
			developmentRegion = en;
			hasScannedForEncodings = 0;
			knownRegions = (
				en,
				Base,
			);
			mainGroup = 72E22A5B2AE7F27D00AC74C7;
			packageReferences = (
				72E22A972AE7F52700AC74C7 /* XCRemoteSwiftPackageReference "CombineCocoa" */,
				72E22A9A2AE7F56A00AC74C7 /* XCRemoteSwiftPackageReference "SnapKit" */,
				72E22AA02AE7F66700AC74C7 /* XCRemoteSwiftPackageReference "swift-snapshot-testing" */,
			);
			productRefGroup = 72E22A652AE7F27D00AC74C7 /* Products */;
			projectDirPath = "";
			projectRoot = "";
			targets = (
				72E22A632AE7F27D00AC74C7 /* TipCalculator */,
				72E22A792AE7F28000AC74C7 /* TipCalculatorTests */,
				72E22A832AE7F28000AC74C7 /* TipCalculatorUITests */,
			);
		};
/* End PBXProject section */

/* Begin PBXResourcesBuildPhase section */
		72E22A622AE7F27D00AC74C7 /* Resources */ = {
			isa = PBXResourcesBuildPhase;
			buildActionMask = 2147483647;
			files = (
				72E22A742AE7F27F00AC74C7 /* LaunchScreen.storyboard in Resources */,
				72E22A712AE7F27F00AC74C7 /* Assets.xcassets in Resources */,
			);
			runOnlyForDeploymentPostprocessing = 0;
		};
		72E22A782AE7F28000AC74C7 /* Resources */ = {
			isa = PBXResourcesBuildPhase;
			buildActionMask = 2147483647;
			files = (
			);
			runOnlyForDeploymentPostprocessing = 0;
		};
		72E22A822AE7F28000AC74C7 /* Resources */ = {
			isa = PBXResourcesBuildPhase;
			buildActionMask = 2147483647;
			files = (
			);
			runOnlyForDeploymentPostprocessing = 0;
		};
/* End PBXResourcesBuildPhase section */

/* Begin PBXSourcesBuildPhase section */
		72E22A602AE7F27D00AC74C7 /* Sources */ = {
			isa = PBXSourcesBuildPhase;
			buildActionMask = 2147483647;
			files = (
				72430F462AEBE05400728B39 /* AmountView.swift in Sources */,
				72430F4B2AEC3C7600728B39 /* Tip.swift in Sources */,
				72E22A6C2AE7F27D00AC74C7 /* CalculatorVC.swift in Sources */,
				72E22AA72AE947E300AC74C7 /* LogoView.swift in Sources */,
				72430F3A2AEA921200728B39 /* ThemeColor.swift in Sources */,
				72E22AAB2AE949BB00AC74C7 /* BillInputView.swift in Sources */,
				72E22AA92AE949A300AC74C7 /* ResultView.swift in Sources */,
				72430F442AEAD80D00728B39 /* UIView+Extensions.swift in Sources */,
				72E22A682AE7F27D00AC74C7 /* AppDelegate.swift in Sources */,
				72430F3C2AEA921E00728B39 /* ThemeFont.swift in Sources */,
				72E22A6A2AE7F27D00AC74C7 /* SceneDelegate.swift in Sources */,
				72430F482AEC2FA000728B39 /* HeaderView.swift in Sources */,
				72430F3F2AEA930900728B39 /* UIColor+Extensions.swift in Sources */,
				72430F422AEA9CC900728B39 /* LabelFactory.swift in Sources */,
				72E22AAF2AE949E200AC74C7 /* SplitInputView.swift in Sources */,
				72E22AAD2AE949C900AC74C7 /* TipInputView.swift in Sources */,
			);
			runOnlyForDeploymentPostprocessing = 0;
		};
		72E22A762AE7F28000AC74C7 /* Sources */ = {
			isa = PBXSourcesBuildPhase;
			buildActionMask = 2147483647;
			files = (
				72E22A7F2AE7F28000AC74C7 /* TipCalculatorTests.swift in Sources */,
			);
			runOnlyForDeploymentPostprocessing = 0;
		};
		72E22A802AE7F28000AC74C7 /* Sources */ = {
			isa = PBXSourcesBuildPhase;
			buildActionMask = 2147483647;
			files = (
				72E22A8B2AE7F28000AC74C7 /* TipCalculatorUITestsLaunchTests.swift in Sources */,
				72E22A892AE7F28000AC74C7 /* TipCalculatorUITests.swift in Sources */,
			);
			runOnlyForDeploymentPostprocessing = 0;
		};
/* End PBXSourcesBuildPhase section */

/* Begin PBXTargetDependency section */
		72E22A7C2AE7F28000AC74C7 /* PBXTargetDependency */ = {
			isa = PBXTargetDependency;
			target = 72E22A632AE7F27D00AC74C7 /* TipCalculator */;
			targetProxy = 72E22A7B2AE7F28000AC74C7 /* PBXContainerItemProxy */;
		};
		72E22A862AE7F28000AC74C7 /* PBXTargetDependency */ = {
			isa = PBXTargetDependency;
			target = 72E22A632AE7F27D00AC74C7 /* TipCalculator */;
			targetProxy = 72E22A852AE7F28000AC74C7 /* PBXContainerItemProxy */;
		};
/* End PBXTargetDependency section */

/* Begin PBXVariantGroup section */
		72E22A722AE7F27F00AC74C7 /* LaunchScreen.storyboard */ = {
			isa = PBXVariantGroup;
			children = (
				72E22A732AE7F27F00AC74C7 /* Base */,
			);
			name = LaunchScreen.storyboard;
			sourceTree = "<group>";
		};
/* End PBXVariantGroup section */

/* Begin XCBuildConfiguration section */
		72E22A8C2AE7F28000AC74C7 /* Debug */ = {
			isa = XCBuildConfiguration;
			buildSettings = {
				ALWAYS_SEARCH_USER_PATHS = NO;
				ASSETCATALOG_COMPILER_GENERATE_SWIFT_ASSET_SYMBOL_EXTENSIONS = YES;
				CLANG_ANALYZER_NONNULL = YES;
				CLANG_ANALYZER_NUMBER_OBJECT_CONVERSION = YES_AGGRESSIVE;
				CLANG_CXX_LANGUAGE_STANDARD = "gnu++20";
				CLANG_ENABLE_MODULES = YES;
				CLANG_ENABLE_OBJC_ARC = YES;
				CLANG_ENABLE_OBJC_WEAK = YES;
				CLANG_WARN_BLOCK_CAPTURE_AUTORELEASING = YES;
				CLANG_WARN_BOOL_CONVERSION = YES;
				CLANG_WARN_COMMA = YES;
				CLANG_WARN_CONSTANT_CONVERSION = YES;
				CLANG_WARN_DEPRECATED_OBJC_IMPLEMENTATIONS = YES;
				CLANG_WARN_DIRECT_OBJC_ISA_USAGE = YES_ERROR;
				CLANG_WARN_DOCUMENTATION_COMMENTS = YES;
				CLANG_WARN_EMPTY_BODY = YES;
				CLANG_WARN_ENUM_CONVERSION = YES;
				CLANG_WARN_INFINITE_RECURSION = YES;
				CLANG_WARN_INT_CONVERSION = YES;
				CLANG_WARN_NON_LITERAL_NULL_CONVERSION = YES;
				CLANG_WARN_OBJC_IMPLICIT_RETAIN_SELF = YES;
				CLANG_WARN_OBJC_LITERAL_CONVERSION = YES;
				CLANG_WARN_OBJC_ROOT_CLASS = YES_ERROR;
				CLANG_WARN_QUOTED_INCLUDE_IN_FRAMEWORK_HEADER = YES;
				CLANG_WARN_RANGE_LOOP_ANALYSIS = YES;
				CLANG_WARN_STRICT_PROTOTYPES = YES;
				CLANG_WARN_SUSPICIOUS_MOVE = YES;
				CLANG_WARN_UNGUARDED_AVAILABILITY = YES_AGGRESSIVE;
				CLANG_WARN_UNREACHABLE_CODE = YES;
				CLANG_WARN__DUPLICATE_METHOD_MATCH = YES;
				COPY_PHASE_STRIP = NO;
				DEBUG_INFORMATION_FORMAT = dwarf;
				ENABLE_STRICT_OBJC_MSGSEND = YES;
				ENABLE_TESTABILITY = YES;
				ENABLE_USER_SCRIPT_SANDBOXING = YES;
				GCC_C_LANGUAGE_STANDARD = gnu17;
				GCC_DYNAMIC_NO_PIC = NO;
				GCC_NO_COMMON_BLOCKS = YES;
				GCC_OPTIMIZATION_LEVEL = 0;
				GCC_PREPROCESSOR_DEFINITIONS = (
					"DEBUG=1",
					"$(inherited)",
				);
				GCC_WARN_64_TO_32_BIT_CONVERSION = YES;
				GCC_WARN_ABOUT_RETURN_TYPE = YES_ERROR;
				GCC_WARN_UNDECLARED_SELECTOR = YES;
				GCC_WARN_UNINITIALIZED_AUTOS = YES_AGGRESSIVE;
				GCC_WARN_UNUSED_FUNCTION = YES;
				GCC_WARN_UNUSED_VARIABLE = YES;
				IPHONEOS_DEPLOYMENT_TARGET = 17.0;
				LOCALIZATION_PREFERS_STRING_CATALOGS = YES;
				MTL_ENABLE_DEBUG_INFO = INCLUDE_SOURCE;
				MTL_FAST_MATH = YES;
				ONLY_ACTIVE_ARCH = YES;
				SDKROOT = iphoneos;
				SWIFT_ACTIVE_COMPILATION_CONDITIONS = "DEBUG $(inherited)";
				SWIFT_OPTIMIZATION_LEVEL = "-Onone";
			};
			name = Debug;
		};
		72E22A8D2AE7F28000AC74C7 /* Release */ = {
			isa = XCBuildConfiguration;
			buildSettings = {
				ALWAYS_SEARCH_USER_PATHS = NO;
				ASSETCATALOG_COMPILER_GENERATE_SWIFT_ASSET_SYMBOL_EXTENSIONS = YES;
				CLANG_ANALYZER_NONNULL = YES;
				CLANG_ANALYZER_NUMBER_OBJECT_CONVERSION = YES_AGGRESSIVE;
				CLANG_CXX_LANGUAGE_STANDARD = "gnu++20";
				CLANG_ENABLE_MODULES = YES;
				CLANG_ENABLE_OBJC_ARC = YES;
				CLANG_ENABLE_OBJC_WEAK = YES;
				CLANG_WARN_BLOCK_CAPTURE_AUTORELEASING = YES;
				CLANG_WARN_BOOL_CONVERSION = YES;
				CLANG_WARN_COMMA = YES;
				CLANG_WARN_CONSTANT_CONVERSION = YES;
				CLANG_WARN_DEPRECATED_OBJC_IMPLEMENTATIONS = YES;
				CLANG_WARN_DIRECT_OBJC_ISA_USAGE = YES_ERROR;
				CLANG_WARN_DOCUMENTATION_COMMENTS = YES;
				CLANG_WARN_EMPTY_BODY = YES;
				CLANG_WARN_ENUM_CONVERSION = YES;
				CLANG_WARN_INFINITE_RECURSION = YES;
				CLANG_WARN_INT_CONVERSION = YES;
				CLANG_WARN_NON_LITERAL_NULL_CONVERSION = YES;
				CLANG_WARN_OBJC_IMPLICIT_RETAIN_SELF = YES;
				CLANG_WARN_OBJC_LITERAL_CONVERSION = YES;
				CLANG_WARN_OBJC_ROOT_CLASS = YES_ERROR;
				CLANG_WARN_QUOTED_INCLUDE_IN_FRAMEWORK_HEADER = YES;
				CLANG_WARN_RANGE_LOOP_ANALYSIS = YES;
				CLANG_WARN_STRICT_PROTOTYPES = YES;
				CLANG_WARN_SUSPICIOUS_MOVE = YES;
				CLANG_WARN_UNGUARDED_AVAILABILITY = YES_AGGRESSIVE;
				CLANG_WARN_UNREACHABLE_CODE = YES;
				CLANG_WARN__DUPLICATE_METHOD_MATCH = YES;
				COPY_PHASE_STRIP = NO;
				DEBUG_INFORMATION_FORMAT = "dwarf-with-dsym";
				ENABLE_NS_ASSERTIONS = NO;
				ENABLE_STRICT_OBJC_MSGSEND = YES;
				ENABLE_USER_SCRIPT_SANDBOXING = YES;
				GCC_C_LANGUAGE_STANDARD = gnu17;
				GCC_NO_COMMON_BLOCKS = YES;
				GCC_WARN_64_TO_32_BIT_CONVERSION = YES;
				GCC_WARN_ABOUT_RETURN_TYPE = YES_ERROR;
				GCC_WARN_UNDECLARED_SELECTOR = YES;
				GCC_WARN_UNINITIALIZED_AUTOS = YES_AGGRESSIVE;
				GCC_WARN_UNUSED_FUNCTION = YES;
				GCC_WARN_UNUSED_VARIABLE = YES;
				IPHONEOS_DEPLOYMENT_TARGET = 17.0;
				LOCALIZATION_PREFERS_STRING_CATALOGS = YES;
				MTL_ENABLE_DEBUG_INFO = NO;
				MTL_FAST_MATH = YES;
				SDKROOT = iphoneos;
				SWIFT_COMPILATION_MODE = wholemodule;
				VALIDATE_PRODUCT = YES;
			};
			name = Release;
		};
		72E22A8F2AE7F28000AC74C7 /* Debug */ = {
			isa = XCBuildConfiguration;
			buildSettings = {
				ASSETCATALOG_COMPILER_APPICON_NAME = AppIcon;
				ASSETCATALOG_COMPILER_GLOBAL_ACCENT_COLOR_NAME = AccentColor;
				CODE_SIGN_STYLE = Automatic;
				CURRENT_PROJECT_VERSION = 1;
				DEVELOPMENT_TEAM = WY9AX8R5R2;
				GENERATE_INFOPLIST_FILE = YES;
				INFOPLIST_FILE = TipCalculator/Info.plist;
				INFOPLIST_KEY_UIApplicationSupportsIndirectInputEvents = YES;
				INFOPLIST_KEY_UILaunchStoryboardName = LaunchScreen;
				INFOPLIST_KEY_UISupportedInterfaceOrientations_iPad = "UIInterfaceOrientationPortrait UIInterfaceOrientationPortraitUpsideDown UIInterfaceOrientationLandscapeLeft UIInterfaceOrientationLandscapeRight";
				INFOPLIST_KEY_UISupportedInterfaceOrientations_iPhone = "UIInterfaceOrientationPortrait UIInterfaceOrientationLandscapeLeft UIInterfaceOrientationLandscapeRight";
				IPHONEOS_DEPLOYMENT_TARGET = 16.6;
				LD_RUNPATH_SEARCH_PATHS = (
					"$(inherited)",
					"@executable_path/Frameworks",
				);
				MARKETING_VERSION = 1.0;
				PRODUCT_BUNDLE_IDENTIFIER = com.denisefremov.TipCalculator;
				PRODUCT_NAME = "$(TARGET_NAME)";
				SWIFT_EMIT_LOC_STRINGS = YES;
				SWIFT_VERSION = 5.0;
				TARGETED_DEVICE_FAMILY = "1,2";
			};
			name = Debug;
		};
		72E22A902AE7F28000AC74C7 /* Release */ = {
			isa = XCBuildConfiguration;
			buildSettings = {
				ASSETCATALOG_COMPILER_APPICON_NAME = AppIcon;
				ASSETCATALOG_COMPILER_GLOBAL_ACCENT_COLOR_NAME = AccentColor;
				CODE_SIGN_STYLE = Automatic;
				CURRENT_PROJECT_VERSION = 1;
				DEVELOPMENT_TEAM = WY9AX8R5R2;
				GENERATE_INFOPLIST_FILE = YES;
				INFOPLIST_FILE = TipCalculator/Info.plist;
				INFOPLIST_KEY_UIApplicationSupportsIndirectInputEvents = YES;
				INFOPLIST_KEY_UILaunchStoryboardName = LaunchScreen;
				INFOPLIST_KEY_UISupportedInterfaceOrientations_iPad = "UIInterfaceOrientationPortrait UIInterfaceOrientationPortraitUpsideDown UIInterfaceOrientationLandscapeLeft UIInterfaceOrientationLandscapeRight";
				INFOPLIST_KEY_UISupportedInterfaceOrientations_iPhone = "UIInterfaceOrientationPortrait UIInterfaceOrientationLandscapeLeft UIInterfaceOrientationLandscapeRight";
				IPHONEOS_DEPLOYMENT_TARGET = 16.6;
				LD_RUNPATH_SEARCH_PATHS = (
					"$(inherited)",
					"@executable_path/Frameworks",
				);
				MARKETING_VERSION = 1.0;
				PRODUCT_BUNDLE_IDENTIFIER = com.denisefremov.TipCalculator;
				PRODUCT_NAME = "$(TARGET_NAME)";
				SWIFT_EMIT_LOC_STRINGS = YES;
				SWIFT_VERSION = 5.0;
				TARGETED_DEVICE_FAMILY = "1,2";
			};
			name = Release;
		};
		72E22A922AE7F28000AC74C7 /* Debug */ = {
			isa = XCBuildConfiguration;
			buildSettings = {
				ALWAYS_EMBED_SWIFT_STANDARD_LIBRARIES = YES;
				BUNDLE_LOADER = "$(TEST_HOST)";
				CODE_SIGN_STYLE = Automatic;
				CURRENT_PROJECT_VERSION = 1;
				DEVELOPMENT_TEAM = WY9AX8R5R2;
				GENERATE_INFOPLIST_FILE = YES;
				IPHONEOS_DEPLOYMENT_TARGET = 16.6;
				MARKETING_VERSION = 1.0;
				PRODUCT_BUNDLE_IDENTIFIER = com.denisefremov.TipCalculatorTests;
				PRODUCT_NAME = "$(TARGET_NAME)";
				SWIFT_EMIT_LOC_STRINGS = NO;
				SWIFT_VERSION = 5.0;
				TARGETED_DEVICE_FAMILY = "1,2";
				TEST_HOST = "$(BUILT_PRODUCTS_DIR)/TipCalculator.app/$(BUNDLE_EXECUTABLE_FOLDER_PATH)/TipCalculator";
			};
			name = Debug;
		};
		72E22A932AE7F28000AC74C7 /* Release */ = {
			isa = XCBuildConfiguration;
			buildSettings = {
				ALWAYS_EMBED_SWIFT_STANDARD_LIBRARIES = YES;
				BUNDLE_LOADER = "$(TEST_HOST)";
				CODE_SIGN_STYLE = Automatic;
				CURRENT_PROJECT_VERSION = 1;
				DEVELOPMENT_TEAM = WY9AX8R5R2;
				GENERATE_INFOPLIST_FILE = YES;
				IPHONEOS_DEPLOYMENT_TARGET = 16.6;
				MARKETING_VERSION = 1.0;
				PRODUCT_BUNDLE_IDENTIFIER = com.denisefremov.TipCalculatorTests;
				PRODUCT_NAME = "$(TARGET_NAME)";
				SWIFT_EMIT_LOC_STRINGS = NO;
				SWIFT_VERSION = 5.0;
				TARGETED_DEVICE_FAMILY = "1,2";
				TEST_HOST = "$(BUILT_PRODUCTS_DIR)/TipCalculator.app/$(BUNDLE_EXECUTABLE_FOLDER_PATH)/TipCalculator";
			};
			name = Release;
		};
		72E22A952AE7F28000AC74C7 /* Debug */ = {
			isa = XCBuildConfiguration;
			buildSettings = {
				ALWAYS_EMBED_SWIFT_STANDARD_LIBRARIES = YES;
				CODE_SIGN_STYLE = Automatic;
				CURRENT_PROJECT_VERSION = 1;
				DEVELOPMENT_TEAM = WY9AX8R5R2;
				GENERATE_INFOPLIST_FILE = YES;
				IPHONEOS_DEPLOYMENT_TARGET = 16.6;
				MARKETING_VERSION = 1.0;
				PRODUCT_BUNDLE_IDENTIFIER = com.denisefremov.TipCalculatorUITests;
				PRODUCT_NAME = "$(TARGET_NAME)";
				SWIFT_EMIT_LOC_STRINGS = NO;
				SWIFT_VERSION = 5.0;
				TARGETED_DEVICE_FAMILY = "1,2";
				TEST_TARGET_NAME = TipCalculator;
			};
			name = Debug;
		};
		72E22A962AE7F28000AC74C7 /* Release */ = {
			isa = XCBuildConfiguration;
			buildSettings = {
				ALWAYS_EMBED_SWIFT_STANDARD_LIBRARIES = YES;
				CODE_SIGN_STYLE = Automatic;
				CURRENT_PROJECT_VERSION = 1;
				DEVELOPMENT_TEAM = WY9AX8R5R2;
				GENERATE_INFOPLIST_FILE = YES;
				IPHONEOS_DEPLOYMENT_TARGET = 16.6;
				MARKETING_VERSION = 1.0;
				PRODUCT_BUNDLE_IDENTIFIER = com.denisefremov.TipCalculatorUITests;
				PRODUCT_NAME = "$(TARGET_NAME)";
				SWIFT_EMIT_LOC_STRINGS = NO;
				SWIFT_VERSION = 5.0;
				TARGETED_DEVICE_FAMILY = "1,2";
				TEST_TARGET_NAME = TipCalculator;
			};
			name = Release;
		};
/* End XCBuildConfiguration section */

/* Begin XCConfigurationList section */
		72E22A5F2AE7F27D00AC74C7 /* Build configuration list for PBXProject "TipCalculator" */ = {
			isa = XCConfigurationList;
			buildConfigurations = (
				72E22A8C2AE7F28000AC74C7 /* Debug */,
				72E22A8D2AE7F28000AC74C7 /* Release */,
			);
			defaultConfigurationIsVisible = 0;
			defaultConfigurationName = Release;
		};
		72E22A8E2AE7F28000AC74C7 /* Build configuration list for PBXNativeTarget "TipCalculator" */ = {
			isa = XCConfigurationList;
			buildConfigurations = (
				72E22A8F2AE7F28000AC74C7 /* Debug */,
				72E22A902AE7F28000AC74C7 /* Release */,
			);
			defaultConfigurationIsVisible = 0;
			defaultConfigurationName = Release;
		};
		72E22A912AE7F28000AC74C7 /* Build configuration list for PBXNativeTarget "TipCalculatorTests" */ = {
			isa = XCConfigurationList;
			buildConfigurations = (
				72E22A922AE7F28000AC74C7 /* Debug */,
				72E22A932AE7F28000AC74C7 /* Release */,
			);
			defaultConfigurationIsVisible = 0;
			defaultConfigurationName = Release;
		};
		72E22A942AE7F28000AC74C7 /* Build configuration list for PBXNativeTarget "TipCalculatorUITests" */ = {
			isa = XCConfigurationList;
			buildConfigurations = (
				72E22A952AE7F28000AC74C7 /* Debug */,
				72E22A962AE7F28000AC74C7 /* Release */,
			);
			defaultConfigurationIsVisible = 0;
			defaultConfigurationName = Release;
		};
/* End XCConfigurationList section */

/* Begin XCRemoteSwiftPackageReference section */
		72E22A972AE7F52700AC74C7 /* XCRemoteSwiftPackageReference "CombineCocoa" */ = {
			isa = XCRemoteSwiftPackageReference;
			repositoryURL = "https://github.com/CombineCommunity/CombineCocoa";
			requirement = {
				kind = upToNextMinorVersion;
				minimumVersion = 0.4.1;
			};
		};
		72E22A9A2AE7F56A00AC74C7 /* XCRemoteSwiftPackageReference "SnapKit" */ = {
			isa = XCRemoteSwiftPackageReference;
			repositoryURL = "https://github.com/SnapKit/SnapKit";
			requirement = {
				kind = upToNextMinorVersion;
				minimumVersion = 5.6.0;
			};
		};
		72E22AA02AE7F66700AC74C7 /* XCRemoteSwiftPackageReference "swift-snapshot-testing" */ = {
			isa = XCRemoteSwiftPackageReference;
			repositoryURL = "https://github.com/pointfreeco/swift-snapshot-testing";
			requirement = {
				kind = upToNextMinorVersion;
				minimumVersion = 1.14.2;
			};
		};
/* End XCRemoteSwiftPackageReference section */

/* Begin XCSwiftPackageProductDependency section */
		72E22A982AE7F52700AC74C7 /* CombineCocoa */ = {
			isa = XCSwiftPackageProductDependency;
			package = 72E22A972AE7F52700AC74C7 /* XCRemoteSwiftPackageReference "CombineCocoa" */;
			productName = CombineCocoa;
		};
		72E22A9B2AE7F56A00AC74C7 /* SnapKit */ = {
			isa = XCSwiftPackageProductDependency;
			package = 72E22A9A2AE7F56A00AC74C7 /* XCRemoteSwiftPackageReference "SnapKit" */;
			productName = SnapKit;
		};
		72E22A9E2AE7F5CB00AC74C7 /* CombineCocoa */ = {
			isa = XCSwiftPackageProductDependency;
			package = 72E22A972AE7F52700AC74C7 /* XCRemoteSwiftPackageReference "CombineCocoa" */;
			productName = CombineCocoa;
		};
		72E22AA12AE7F66700AC74C7 /* SnapshotTesting */ = {
			isa = XCSwiftPackageProductDependency;
			package = 72E22AA02AE7F66700AC74C7 /* XCRemoteSwiftPackageReference "swift-snapshot-testing" */;
			productName = SnapshotTesting;
		};
		72E22AA32AE7F68C00AC74C7 /* CombineCocoa */ = {
			isa = XCSwiftPackageProductDependency;
			package = 72E22A972AE7F52700AC74C7 /* XCRemoteSwiftPackageReference "CombineCocoa" */;
			productName = CombineCocoa;
		};
/* End XCSwiftPackageProductDependency section */
	};
	rootObject = 72E22A5C2AE7F27D00AC74C7 /* Project object */;
}
